// !$*UTF8*$!
{
	archiveVersion = 1;
	classes = {
	};
	objectVersion = 50;
	objects = {

/* Begin PBXBuildFile section */
		5FC613052585EEB70000551F /* AppDelegate.swift in Sources */ = {isa = PBXBuildFile; fileRef = 5FC613042585EEB70000551F /* AppDelegate.swift */; };
		5FC613072585EEB70000551F /* SceneDelegate.swift in Sources */ = {isa = PBXBuildFile; fileRef = 5FC613062585EEB70000551F /* SceneDelegate.swift */; };
		5FC613092585EEB70000551F /* ViewController.swift in Sources */ = {isa = PBXBuildFile; fileRef = 5FC613082585EEB70000551F /* ViewController.swift */; };
		5FC6130C2585EEB70000551F /* Main.storyboard in Resources */ = {isa = PBXBuildFile; fileRef = 5FC6130A2585EEB70000551F /* Main.storyboard */; };
		5FC6130E2585EEB80000551F /* Assets.xcassets in Resources */ = {isa = PBXBuildFile; fileRef = 5FC6130D2585EEB80000551F /* Assets.xcassets */; };
		5FC613112585EEB80000551F /* LaunchScreen.storyboard in Resources */ = {isa = PBXBuildFile; fileRef = 5FC6130F2585EEB80000551F /* LaunchScreen.storyboard */; };
		CFFBFB7641280A3B1ADC0919 /* Pods_Alamo201213.framework in Frameworks */ = {isa = PBXBuildFile; fileRef = D7569B54C630026EBE435E72 /* Pods_Alamo201213.framework */; };
/* End PBXBuildFile section */

/* Begin PBXFileReference section */
		5FC613012585EEB70000551F /* Alamo201213.app */ = {isa = PBXFileReference; explicitFileType = wrapper.application; includeInIndex = 0; path = Alamo201213.app; sourceTree = BUILT_PRODUCTS_DIR; };
		5FC613042585EEB70000551F /* AppDelegate.swift */ = {isa = PBXFileReference; lastKnownFileType = sourcecode.swift; path = AppDelegate.swift; sourceTree = "<group>"; };
		5FC613062585EEB70000551F /* SceneDelegate.swift */ = {isa = PBXFileReference; lastKnownFileType = sourcecode.swift; path = SceneDelegate.swift; sourceTree = "<group>"; };
		5FC613082585EEB70000551F /* ViewController.swift */ = {isa = PBXFileReference; lastKnownFileType = sourcecode.swift; path = ViewController.swift; sourceTree = "<group>"; };
		5FC6130B2585EEB70000551F /* Base */ = {isa = PBXFileReference; lastKnownFileType = file.storyboard; name = Base; path = Base.lproj/Main.storyboard; sourceTree = "<group>"; };
		5FC6130D2585EEB80000551F /* Assets.xcassets */ = {isa = PBXFileReference; lastKnownFileType = folder.assetcatalog; path = Assets.xcassets; sourceTree = "<group>"; };
		5FC613102585EEB80000551F /* Base */ = {isa = PBXFileReference; lastKnownFileType = file.storyboard; name = Base; path = Base.lproj/LaunchScreen.storyboard; sourceTree = "<group>"; };
		5FC613122585EEB80000551F /* Info.plist */ = {isa = PBXFileReference; lastKnownFileType = text.plist.xml; path = Info.plist; sourceTree = "<group>"; };
		9666897EE1816B514C0A0F4A /* Pods-Alamo201213.debug.xcconfig */ = {isa = PBXFileReference; includeInIndex = 1; lastKnownFileType = text.xcconfig; name = "Pods-Alamo201213.debug.xcconfig"; path = "Target Support Files/Pods-Alamo201213/Pods-Alamo201213.debug.xcconfig"; sourceTree = "<group>"; };
		9B49E05E5D82539DED79505D /* Pods-Alamo201213.release.xcconfig */ = {isa = PBXFileReference; includeInIndex = 1; lastKnownFileType = text.xcconfig; name = "Pods-Alamo201213.release.xcconfig"; path = "Target Support Files/Pods-Alamo201213/Pods-Alamo201213.release.xcconfig"; sourceTree = "<group>"; };
		D7569B54C630026EBE435E72 /* Pods_Alamo201213.framework */ = {isa = PBXFileReference; explicitFileType = wrapper.framework; includeInIndex = 0; path = Pods_Alamo201213.framework; sourceTree = BUILT_PRODUCTS_DIR; };
/* End PBXFileReference section */

/* Begin PBXFrameworksBuildPhase section */
		5FC612FE2585EEB70000551F /* Frameworks */ = {
			isa = PBXFrameworksBuildPhase;
			buildActionMask = 2147483647;
			files = (
				CFFBFB7641280A3B1ADC0919 /* Pods_Alamo201213.framework in Frameworks */,
			);
			runOnlyForDeploymentPostprocessing = 0;
		};
/* End PBXFrameworksBuildPhase section */

/* Begin PBXGroup section */
		1EE36B407D1CD798F38EC0EA /* Pods */ = {
			isa = PBXGroup;
			children = (
				9666897EE1816B514C0A0F4A /* Pods-Alamo201213.debug.xcconfig */,
				9B49E05E5D82539DED79505D /* Pods-Alamo201213.release.xcconfig */,
			);
			name = Pods;
			path = Pods;
			sourceTree = "<group>";
		};
		59EDC7AAFCAC043F21ECDEB5 /* Frameworks */ = {
			isa = PBXGroup;
			children = (
				D7569B54C630026EBE435E72 /* Pods_Alamo201213.framework */,
			);
			name = Frameworks;
			sourceTree = "<group>";
		};
		5FC612F82585EEB70000551F = {
			isa = PBXGroup;
			children = (
				5FC613032585EEB70000551F /* Alamo201213 */,
				5FC613022585EEB70000551F /* Products */,
				1EE36B407D1CD798F38EC0EA /* Pods */,
				59EDC7AAFCAC043F21ECDEB5 /* Frameworks */,
			);
			sourceTree = "<group>";
		};
		5FC613022585EEB70000551F /* Products */ = {
			isa = PBXGroup;
			children = (
				5FC613012585EEB70000551F /* Alamo201213.app */,
			);
			name = Products;
			sourceTree = "<group>";
		};
		5FC613032585EEB70000551F /* Alamo201213 */ = {
			isa = PBXGroup;
			children = (
				5FC613042585EEB70000551F /* AppDelegate.swift */,
				5FC613062585EEB70000551F /* SceneDelegate.swift */,
				5FC613082585EEB70000551F /* ViewController.swift */,
				5FC6130A2585EEB70000551F /* Main.storyboard */,
				5FC6130D2585EEB80000551F /* Assets.xcassets */,
				5FC6130F2585EEB80000551F /* LaunchScreen.storyboard */,
				5FC613122585EEB80000551F /* Info.plist */,
			);
			path = Alamo201213;
			sourceTree = "<group>";
		};
/* End PBXGroup section */

/* Begin PBXNativeTarget section */
		5FC613002585EEB70000551F /* Alamo201213 */ = {
			isa = PBXNativeTarget;
			buildConfigurationList = 5FC613152585EEB80000551F /* Build configuration list for PBXNativeTarget "Alamo201213" */;
			buildPhases = (
				CC37F6B0832CF5F88FA0ED68 /* [CP] Check Pods Manifest.lock */,
				5FC612FD2585EEB70000551F /* Sources */,
				5FC612FE2585EEB70000551F /* Frameworks */,
				5FC612FF2585EEB70000551F /* Resources */,
				6A1A63E9E8CC05BEEC12BFEE /* [CP] Embed Pods Frameworks */,
			);
			buildRules = (
			);
			dependencies = (
			);
			name = Alamo201213;
			productName = Alamo201213;
			productReference = 5FC613012585EEB70000551F /* Alamo201213.app */;
			productType = "com.apple.product-type.application";
		};
/* End PBXNativeTarget section */

/* Begin PBXProject section */
		5FC612F92585EEB70000551F /* Project object */ = {
			isa = PBXProject;
			attributes = {
				LastSwiftUpdateCheck = 1220;
				LastUpgradeCheck = 1220;
				TargetAttributes = {
					5FC613002585EEB70000551F = {
						CreatedOnToolsVersion = 12.2;
					};
				};
			};
			buildConfigurationList = 5FC612FC2585EEB70000551F /* Build configuration list for PBXProject "Alamo201213" */;
			compatibilityVersion = "Xcode 9.3";
			developmentRegion = en;
			hasScannedForEncodings = 0;
			knownRegions = (
				en,
				Base,
			);
			mainGroup = 5FC612F82585EEB70000551F;
			productRefGroup = 5FC613022585EEB70000551F /* Products */;
			projectDirPath = "";
			projectRoot = "";
			targets = (
				5FC613002585EEB70000551F /* Alamo201213 */,
			);
		};
/* End PBXProject section */

/* Begin PBXResourcesBuildPhase section */
		5FC612FF2585EEB70000551F /* Resources */ = {
			isa = PBXResourcesBuildPhase;
			buildActionMask = 2147483647;
			files = (
				5FC613112585EEB80000551F /* LaunchScreen.storyboard in Resources */,
				5FC6130E2585EEB80000551F /* Assets.xcassets in Resources */,
				5FC6130C2585EEB70000551F /* Main.storyboard in Resources */,
			);
			runOnlyForDeploymentPostprocessing = 0;
		};
/* End PBXResourcesBuildPhase section */

/* Begin PBXShellScriptBuildPhase section */
		6A1A63E9E8CC05BEEC12BFEE /* [CP] Embed Pods Frameworks */ = {
			isa = PBXShellScriptBuildPhase;
			buildActionMask = 2147483647;
			files = (
			);
			inputFileListPaths = (
				"${PODS_ROOT}/Target Support Files/Pods-Alamo201213/Pods-Alamo201213-frameworks-${CONFIGURATION}-input-files.xcfilelist",
			);
			name = "[CP] Embed Pods Frameworks";
			outputFileListPaths = (
				"${PODS_ROOT}/Target Support Files/Pods-Alamo201213/Pods-Alamo201213-frameworks-${CONFIGURATION}-output-files.xcfilelist",
			);
			runOnlyForDeploymentPostprocessing = 0;
			shellPath = /bin/sh;
			shellScript = "\"${PODS_ROOT}/Target Support Files/Pods-Alamo201213/Pods-Alamo201213-frameworks.sh\"\n";
			showEnvVarsInLog = 0;
		};
		CC37F6B0832CF5F88FA0ED68 /* [CP] Check Pods Manifest.lock */ = {
			isa = PBXShellScriptBuildPhase;
			buildActionMask = 2147483647;
			files = (
			);
			inputFileListPaths = (
			);
			inputPaths = (
				"${PODS_PODFILE_DIR_PATH}/Podfile.lock",
				"${PODS_ROOT}/Manifest.lock",
			);
			name = "[CP] Check Pods Manifest.lock";
			outputFileListPaths = (
			);
			outputPaths = (
				"$(DERIVED_FILE_DIR)/Pods-Alamo201213-checkManifestLockResult.txt",
			);
			runOnlyForDeploymentPostprocessing = 0;
			shellPath = /bin/sh;
			shellScript = "diff \"${PODS_PODFILE_DIR_PATH}/Podfile.lock\" \"${PODS_ROOT}/Manifest.lock\" > /dev/null\nif [ $? != 0 ] ; then\n    # print error to STDERR\n    echo \"error: The sandbox is not in sync with the Podfile.lock. Run 'pod install' or update your CocoaPods installation.\" >&2\n    exit 1\nfi\n# This output is used by Xcode 'outputs' to avoid re-running this script phase.\necho \"SUCCESS\" > \"${SCRIPT_OUTPUT_FILE_0}\"\n";
			showEnvVarsInLog = 0;
		};
/* End PBXShellScriptBuildPhase section */

/* Begin PBXSourcesBuildPhase section */
		5FC612FD2585EEB70000551F /* Sources */ = {
			isa = PBXSourcesBuildPhase;
			buildActionMask = 2147483647;
			files = (
				5FC613092585EEB70000551F /* ViewController.swift in Sources */,
				5FC613052585EEB70000551F /* AppDelegate.swift in Sources */,
				5FC613072585EEB70000551F /* SceneDelegate.swift in Sources */,
			);
			runOnlyForDeploymentPostprocessing = 0;
		};
/* End PBXSourcesBuildPhase section */

/* Begin PBXVariantGroup section */
		5FC6130A2585EEB70000551F /* Main.storyboard */ = {
			isa = PBXVariantGroup;
			children = (
				5FC6130B2585EEB70000551F /* Base */,
			);
			name = Main.storyboard;
			sourceTree = "<group>";
		};
		5FC6130F2585EEB80000551F /* LaunchScreen.storyboard */ = {
			isa = PBXVariantGroup;
			children = (
				5FC613102585EEB80000551F /* Base */,
			);
			name = LaunchScreen.storyboard;
			sourceTree = "<group>";
		};
/* End PBXVariantGroup section */

/* Begin XCBuildConfiguration section */
		5FC613132585EEB80000551F /* Debug */ = {
			isa = XCBuildConfiguration;
			buildSettings = {
				ALWAYS_SEARCH_USER_PATHS = NO;
				CLANG_ANALYZER_NONNULL = YES;
				CLANG_ANALYZER_NUMBER_OBJECT_CONVERSION = YES_AGGRESSIVE;
				CLANG_CXX_LANGUAGE_STANDARD = "gnu++14";
				CLANG_CXX_LIBRARY = "libc++";
				CLANG_ENABLE_MODULES = YES;
				CLANG_ENABLE_OBJC_ARC = YES;
				CLANG_ENABLE_OBJC_WEAK = YES;
				CLANG_WARN_BLOCK_CAPTURE_AUTORELEASING = YES;
				CLANG_WARN_BOOL_CONVERSION = YES;
				CLANG_WARN_COMMA = YES;
				CLANG_WARN_CONSTANT_CONVERSION = YES;
				CLANG_WARN_DEPRECATED_OBJC_IMPLEMENTATIONS = YES;
				CLANG_WARN_DIRECT_OBJC_ISA_USAGE = YES_ERROR;
				CLANG_WARN_DOCUMENTATION_COMMENTS = YES;
				CLANG_WARN_EMPTY_BODY = YES;
				CLANG_WARN_ENUM_CONVERSION = YES;
				CLANG_WARN_INFINITE_RECURSION = YES;
				CLANG_WARN_INT_CONVERSION = YES;
				CLANG_WARN_NON_LITERAL_NULL_CONVERSION = YES;
				CLANG_WARN_OBJC_IMPLICIT_RETAIN_SELF = YES;
				CLANG_WARN_OBJC_LITERAL_CONVERSION = YES;
				CLANG_WARN_OBJC_ROOT_CLASS = YES_ERROR;
				CLANG_WARN_QUOTED_INCLUDE_IN_FRAMEWORK_HEADER = YES;
				CLANG_WARN_RANGE_LOOP_ANALYSIS = YES;
				CLANG_WARN_STRICT_PROTOTYPES = YES;
				CLANG_WARN_SUSPICIOUS_MOVE = YES;
				CLANG_WARN_UNGUARDED_AVAILABILITY = YES_AGGRESSIVE;
				CLANG_WARN_UNREACHABLE_CODE = YES;
				CLANG_WARN__DUPLICATE_METHOD_MATCH = YES;
				COPY_PHASE_STRIP = NO;
				DEBUG_INFORMATION_FORMAT = dwarf;
				ENABLE_STRICT_OBJC_MSGSEND = YES;
				ENABLE_TESTABILITY = YES;
				GCC_C_LANGUAGE_STANDARD = gnu11;
				GCC_DYNAMIC_NO_PIC = NO;
				GCC_NO_COMMON_BLOCKS = YES;
				GCC_OPTIMIZATION_LEVEL = 0;
				GCC_PREPROCESSOR_DEFINITIONS = (
					"DEBUG=1",
					"$(inherited)",
				);
				GCC_WARN_64_TO_32_BIT_CONVERSION = YES;
				GCC_WARN_ABOUT_RETURN_TYPE = YES_ERROR;
				GCC_WARN_UNDECLARED_SELECTOR = YES;
				GCC_WARN_UNINITIALIZED_AUTOS = YES_AGGRESSIVE;
				GCC_WARN_UNUSED_FUNCTION = YES;
				GCC_WARN_UNUSED_VARIABLE = YES;
				IPHONEOS_DEPLOYMENT_TARGET = 14.2;
				MTL_ENABLE_DEBUG_INFO = INCLUDE_SOURCE;
				MTL_FAST_MATH = YES;
				ONLY_ACTIVE_ARCH = YES;
				SDKROOT = iphoneos;
				SWIFT_ACTIVE_COMPILATION_CONDITIONS = DEBUG;
				SWIFT_OPTIMIZATION_LEVEL = "-Onone";
			};
			name = Debug;
		};
		5FC613142585EEB80000551F /* Release */ = {
			isa = XCBuildConfiguration;
			buildSettings = {
				ALWAYS_SEARCH_USER_PATHS = NO;
				CLANG_ANALYZER_NONNULL = YES;
				CLANG_ANALYZER_NUMBER_OBJECT_CONVERSION = YES_AGGRESSIVE;
				CLANG_CXX_LANGUAGE_STANDARD = "gnu++14";
				CLANG_CXX_LIBRARY = "libc++";
				CLANG_ENABLE_MODULES = YES;
				CLANG_ENABLE_OBJC_ARC = YES;
				CLANG_ENABLE_OBJC_WEAK = YES;
				CLANG_WARN_BLOCK_CAPTURE_AUTORELEASING = YES;
				CLANG_WARN_BOOL_CONVERSION = YES;
				CLANG_WARN_COMMA = YES;
				CLANG_WARN_CONSTANT_CONVERSION = YES;
				CLANG_WARN_DEPRECATED_OBJC_IMPLEMENTATIONS = YES;
				CLANG_WARN_DIRECT_OBJC_ISA_USAGE = YES_ERROR;
				CLANG_WARN_DOCUMENTATION_COMMENTS = YES;
				CLANG_WARN_EMPTY_BODY = YES;
				CLANG_WARN_ENUM_CONVERSION = YES;
				CLANG_WARN_INFINITE_RECURSION = YES;
				CLANG_WARN_INT_CONVERSION = YES;
				CLANG_WARN_NON_LITERAL_NULL_CONVERSION = YES;
				CLANG_WARN_OBJC_IMPLICIT_RETAIN_SELF = YES;
				CLANG_WARN_OBJC_LITERAL_CONVERSION = YES;
				CLANG_WARN_OBJC_ROOT_CLASS = YES_ERROR;
				CLANG_WARN_QUOTED_INCLUDE_IN_FRAMEWORK_HEADER = YES;
				CLANG_WARN_RANGE_LOOP_ANALYSIS = YES;
				CLANG_WARN_STRICT_PROTOTYPES = YES;
				CLANG_WARN_SUSPICIOUS_MOVE = YES;
				CLANG_WARN_UNGUARDED_AVAILABILITY = YES_AGGRESSIVE;
				CLANG_WARN_UNREACHABLE_CODE = YES;
				CLANG_WARN__DUPLICATE_METHOD_MATCH = YES;
				COPY_PHASE_STRIP = NO;
				DEBUG_INFORMATION_FORMAT = "dwarf-with-dsym";
				ENABLE_NS_ASSERTIONS = NO;
				ENABLE_STRICT_OBJC_MSGSEND = YES;
				GCC_C_LANGUAGE_STANDARD = gnu11;
				GCC_NO_COMMON_BLOCKS = YES;
				GCC_WARN_64_TO_32_BIT_CONVERSION = YES;
				GCC_WARN_ABOUT_RETURN_TYPE = YES_ERROR;
				GCC_WARN_UNDECLARED_SELECTOR = YES;
				GCC_WARN_UNINITIALIZED_AUTOS = YES_AGGRESSIVE;
				GCC_WARN_UNUSED_FUNCTION = YES;
				GCC_WARN_UNUSED_VARIABLE = YES;
				IPHONEOS_DEPLOYMENT_TARGET = 14.2;
				MTL_ENABLE_DEBUG_INFO = NO;
				MTL_FAST_MATH = YES;
				SDKROOT = iphoneos;
				SWIFT_COMPILATION_MODE = wholemodule;
				SWIFT_OPTIMIZATION_LEVEL = "-O";
				VALIDATE_PRODUCT = YES;
			};
			name = Release;
		};
		5FC613162585EEB80000551F /* Debug */ = {
			isa = XCBuildConfiguration;
			baseConfigurationReference = 9666897EE1816B514C0A0F4A /* Pods-Alamo201213.debug.xcconfig */;
			buildSettings = {
				ASSETCATALOG_COMPILER_APPICON_NAME = AppIcon;
				ASSETCATALOG_COMPILER_GLOBAL_ACCENT_COLOR_NAME = AccentColor;
				CODE_SIGN_STYLE = Automatic;
				DEVELOPMENT_TEAM = 3M62UV9XR3;
				INFOPLIST_FILE = Alamo201213/Info.plist;
				LD_RUNPATH_SEARCH_PATHS = (
					"$(inherited)",
					"@executable_path/Frameworks",
				);
				PRODUCT_BUNDLE_IDENTIFIER = "-.Alamo201213";
				PRODUCT_NAME = "$(TARGET_NAME)";
				SWIFT_VERSION = 5.0;
				TARGETED_DEVICE_FAMILY = "1,2";
			};
			name = Debug;
		};
		5FC613172585EEB80000551F /* Release */ = {
			isa = XCBuildConfiguration;
			baseConfigurationReference = 9B49E05E5D82539DED79505D /* Pods-Alamo201213.release.xcconfig */;
			buildSettings = {
				ASSETCATALOG_COMPILER_APPICON_NAME = AppIcon;
				ASSETCATALOG_COMPILER_GLOBAL_ACCENT_COLOR_NAME = AccentColor;
				CODE_SIGN_STYLE = Automatic;
				DEVELOPMENT_TEAM = 3M62UV9XR3;
				INFOPLIST_FILE = Alamo201213/Info.plist;
				LD_RUNPATH_SEARCH_PATHS = (
					"$(inherited)",
					"@executable_path/Frameworks",
				);
				PRODUCT_BUNDLE_IDENTIFIER = "-.Alamo201213";
				PRODUCT_NAME = "$(TARGET_NAME)";
				SWIFT_VERSION = 5.0;
				TARGETED_DEVICE_FAMILY = "1,2";
			};
			name = Release;
		};
/* End XCBuildConfiguration section */

/* Begin XCConfigurationList section */
		5FC612FC2585EEB70000551F /* Build configuration list for PBXProject "Alamo201213" */ = {
			isa = XCConfigurationList;
			buildConfigurations = (
				5FC613132585EEB80000551F /* Debug */,
				5FC613142585EEB80000551F /* Release */,
			);
			defaultConfigurationIsVisible = 0;
			defaultConfigurationName = Release;
		};
		5FC613152585EEB80000551F /* Build configuration list for PBXNativeTarget "Alamo201213" */ = {
			isa = XCConfigurationList;
			buildConfigurations = (
				5FC613162585EEB80000551F /* Debug */,
				5FC613172585EEB80000551F /* Release */,
			);
			defaultConfigurationIsVisible = 0;
			defaultConfigurationName = Release;
		};
/* End XCConfigurationList section */
	};
	rootObject = 5FC612F92585EEB70000551F /* Project object */;
}
